{
    "_meta": {
        "hash": {
            "sha256": "1338ef4e80728acfa2950d8182eec570c53ad449f4597a7cc13b9e5bcfbec9ae"
        },
        "pipfile-spec": 6,
        "requires": {
            "python_version": "2.7"
        },
        "sources": [
            {
                "name": "pypi",
                "url": "https://pypi.org/simple",
                "verify_ssl": true
            }
        ]
    },
    "default": {
        "asgiref": {
            "hashes": [
                "sha256:7e06d934a7718bf3975acbf87780ba678957b87c7adc056f13b6215d610695a0",
                "sha256:ea448f92fc35a0ef4b1508f53a04c4670255a3f33d22a81c8fc9c872036adbe5"
            ],
            "version": "==3.2.3"
        },
        "django": {
            "hashes": [
                "sha256:315b11ea265dd15348d47f2cbb044ef71da2018f6e582fed875c889758e6f844",
                "sha256:b61295749be7e1c42467c55bcabdaee9fbe9496fdf9ed2e22cef44d9de2ff953"
            ],
            "version": "==3.0.1"
        },
        "django-filter": {
            "hashes": [
                "sha256:558c727bce3ffa89c4a7a0b13bc8976745d63e5fd576b3a9a851650ef11c401b",
                "sha256:c3deb57f0dd7ff94d7dce52a047516822013e2b441bed472b722a317658cfd14"
            ],
            "index": "pypi",
            "version": "==2.2.0"
        },
        "django-tables2": {
            "hashes": [
                "sha256:0d9b17f5c030ba1b5fcaeb206d8397bf58f1fdfc6beaf56e7874841b8647aa94",
                "sha256:6afa0496695e15b332e98537265d09fe01a55b28c75a85323d8e6b0dc2350280"
            ],
            "index": "pypi",
            "version": "==2.2.1"
        },
        "pytz": {
            "hashes": [
                "sha256:1c557d7d0e871de1f5ccd5833f60fb2550652da6be2693c1e02300743d21500d",
                "sha256:b02c06db6cf09c12dd25137e563b31700d3b80fcc4ad23abb7a315f2789819be"
            ],
            "version": "==2019.3"
        },
        "sqlparse": {
            "hashes": [
                "sha256:40afe6b8d4b1117e7dff5504d7a8ce07d9a1b15aeeade8a2d10f130a834f8177",
                "sha256:7c3dca29c022744e95b547e867cee89f4fce4373f3549ccd8797d8eb52cdb873"
            ],
            "version": "==0.3.0"
        }
    },
    "develop": {}
}
